github.com/nwaples/rardecode v1.1.0 h1:vSxaY8vQhOcVr4mm5e8XllHWTiM4JF507A0Katqw7MQ=
github.com/nwaples/rardecode v1.1.0/go.mod h1:5DzqNKiOdpKKBH87u8VlvAnPZMXcGRhxWkRpHbbfGS0=
github.com/nwaples/rardecode v1.1.2 h1:Cj0yZY6T1Zx1R7AhTbyGSALm44/Mmq+BAPc4B/p/d3M=
github.com/nwaples/rardecode v1.1.2/go.mod h1:5DzqNKiOdpKKBH87u8VlvAnPZMXcGRhxWkRpHbbfGS0=
github.com/saracen/go7z v0.0.0-20191010121135-9c09b6bd7fda h1:h+YpzUB/bGVJcLqW+d5GghcCmE/A25KbzjXvWJQi/+o=
github.com/saracen/go7z v0.0.0-20191010121135-9c09b6bd7fda/go.mod h1:MSotTrCv1PwoR8QgU1JurEx+lNNbtr25I+m0zbLyAGw=
github.com/saracen/solidblock v0.0.0-20190426153529-45df20abab6f h1:1cJITU3JUI8qNS5T0BlXwANsVdyoJQHQ4hvOxbunPCw=
github.com/saracen/solidblock v0.0.0-20190426153529-45df20abab6f/go.mod h1:LyBTue+RWeyIfN3ZJ4wVxvDuvlGJtDgCLgCb6HCPgps=
github.com/ulikunitz/xz v0.5.10 h1:t92gobL9l3HE202wg3rlk19F6X+JOxl9BBrCCMYEYd8=
github.com/ulikunitz/xz v0.5.10/go.mod h1:nbz6k7qbPmH4IRqmfOplQw/tblSgqTqBwxkY0oWt/14=
